
Microsoft Visual Studio Solution File, Format Version 12.00
# Visual Studio Version 16
VisualStudioVersion = 16.0.31105.61
MinimumVisualStudioVersion = 10.0.40219.1
Project("{FAE04EC0-301F-11D3-BF4B-00C04F79EFBC}") = "вадимкакалькулятор", "вадимкакалькулятор\вадимкакалькулятор.csproj", "{4C7B5C19-37C0-47AA-8EDF-C2ED866AB423}"
EndProject
Global
	GlobalSection(SolutionConfigurationPlatforms) = preSolution
		Debug|Any CPU = Debug|Any CPU
		Release|Any CPU = Release|Any CPU
	EndGlobalSection
	GlobalSection(ProjectConfigurationPlatforms) = postSolution
		{4C7B5C19-37C0-47AA-8EDF-C2ED866AB423}.Debug|Any CPU.ActiveCfg = Debug|Any CPU
		{4C7B5C19-37C0-47AA-8EDF-C2ED866AB423}.Debug|Any CPU.Build.0 = Debug|Any CPU
		{4C7B5C19-37C0-47AA-8EDF-C2ED866AB423}.Release|Any CPU.ActiveCfg = Release|Any CPU
		{4C7B5C19-37C0-47AA-8EDF-C2ED866AB423}.Release|Any CPU.Build.0 = Release|Any CPU
	EndGlobalSection
	GlobalSection(SolutionProperties) = preSolution
		HideSolutionNode = FALSE
	EndGlobalSection
	GlobalSection(ExtensibilityGlobals) = postSolution
		SolutionGuid = {CC3A5225-CA03-4271-A697-C5552B3D9B67}
	EndGlobalSection
EndGlobal
